
Microsoft Visual Studio Solution File, Format Version 12.00
# Visual Studio 14
VisualStudioVersion = 14.0.23107.0
MinimumVisualStudioVersion = 10.0.40219.1
Project("{FAE04EC0-301F-11D3-BF4B-00C04F79EFBC}") = "Radio.Core", "Radio.Core\Radio.Core.csproj", "{D4067857-3029-48B3-AC3A-EBB3E03FB525}"
EndProject
Project("{FAE04EC0-301F-11D3-BF4B-00C04F79EFBC}") = "Radio.App", "Radio.App\Radio.App.csproj", "{D31FC167-12CE-44CC-90B8-CF4B8F144A1C}"
EndProject
Global
	GlobalSection(SolutionConfigurationPlatforms) = preSolution
		Debug|Any CPU = Debug|Any CPU
		Release|Any CPU = Release|Any CPU
	EndGlobalSection
	GlobalSection(ProjectConfigurationPlatforms) = postSolution
		{D4067857-3029-48B3-AC3A-EBB3E03FB525}.Debug|Any CPU.ActiveCfg = Debug|Any CPU
		{D4067857-3029-48B3-AC3A-EBB3E03FB525}.Debug|Any CPU.Build.0 = Debug|Any CPU
		{D4067857-3029-48B3-AC3A-EBB3E03FB525}.Release|Any CPU.ActiveCfg = Release|Any CPU
		{D4067857-3029-48B3-AC3A-EBB3E03FB525}.Release|Any CPU.Build.0 = Release|Any CPU
		{D31FC167-12CE-44CC-90B8-CF4B8F144A1C}.Debug|Any CPU.ActiveCfg = Debug|Any CPU
		{D31FC167-12CE-44CC-90B8-CF4B8F144A1C}.Debug|Any CPU.Build.0 = Debug|Any CPU
		{D31FC167-12CE-44CC-90B8-CF4B8F144A1C}.Release|Any CPU.ActiveCfg = Release|Any CPU
		{D31FC167-12CE-44CC-90B8-CF4B8F144A1C}.Release|Any CPU.Build.0 = Release|Any CPU
	EndGlobalSection
	GlobalSection(SolutionProperties) = preSolution
		HideSolutionNode = FALSE
	EndGlobalSection
EndGlobal
